
Microsoft Visual Studio Solution File, Format Version 12.00
# Visual Studio Version 17
VisualStudioVersion = 17.4.33213.308
MinimumVisualStudioVersion = 10.0.40219.1
Project("{FAE04EC0-301F-11D3-BF4B-00C04F79EFBC}") = "checkBox Evento", "checkBox Evento\checkBox Evento.csproj", "{99406945-D746-4008-9043-B798D183AC5E}"
EndProject
Global
	GlobalSection(SolutionConfigurationPlatforms) = preSolution
		Debug|Any CPU = Debug|Any CPU
		Release|Any CPU = Release|Any CPU
	EndGlobalSection
	GlobalSection(ProjectConfigurationPlatforms) = postSolution
		{99406945-D746-4008-9043-B798D183AC5E}.Debug|Any CPU.ActiveCfg = Debug|Any CPU
		{99406945-D746-4008-9043-B798D183AC5E}.Debug|Any CPU.Build.0 = Debug|Any CPU
		{99406945-D746-4008-9043-B798D183AC5E}.Release|Any CPU.ActiveCfg = Release|Any CPU
		{99406945-D746-4008-9043-B798D183AC5E}.Release|Any CPU.Build.0 = Release|Any CPU
	EndGlobalSection
	GlobalSection(SolutionProperties) = preSolution
		HideSolutionNode = FALSE
	EndGlobalSection
	GlobalSection(ExtensibilityGlobals) = postSolution
		SolutionGuid = {692B80C0-8DAB-4FC4-B88D-198C2796EEF3}
	EndGlobalSection
EndGlobal
